
Microsoft Visual Studio Solution File, Format Version 12.00
# Visual Studio Version 17
VisualStudioVersion = 17.0.31903.59
MinimumVisualStudioVersion = 10.0.40219.1
Project("{2150E333-8FDC-42A3-9474-1A3956D46DE8}") = "src", "src", "{0AACB518-F569-43D1-8F91-A5B21C041229}"
EndProject
Project("{2150E333-8FDC-42A3-9474-1A3956D46DE8}") = "Core", "Core", "{99520ACB-AB72-4283-84E1-6773BB0CA83C}"
EndProject
Project("{FAE04EC0-301F-11D3-BF4B-00C04F79EFBC}") = "Domic.Common", "src\Core\Domic.Common\Domic.Common.csproj", "{E9E5A768-60C6-4C3F-BBEE-5F808960D5FC}"
EndProject
Project("{FAE04EC0-301F-11D3-BF4B-00C04F79EFBC}") = "Domic.Domain", "src\Core\Domic.Domain\Domic.Domain.csproj", "{A1E805A3-E4D6-48C7-8E22-DA90085D4FBF}"
EndProject
Project("{FAE04EC0-301F-11D3-BF4B-00C04F79EFBC}") = "Domic.UseCase", "src\Core\Domic.UseCase\Domic.UseCase.csproj", "{DBCC540E-4C54-4E2F-A992-0432E82F4207}"
EndProject
Project("{2150E333-8FDC-42A3-9474-1A3956D46DE8}") = "Infrastructure", "Infrastructure", "{7165694B-BDE5-4709-872B-EB685F5EDCB8}"
EndProject
Project("{FAE04EC0-301F-11D3-BF4B-00C04F79EFBC}") = "Domic.Infrastructure", "src\Infrastructure\Domic.Infrastructure\Domic.Infrastructure.csproj", "{70040ACB-FC63-4DE5-BBBB-D4B503447308}"
EndProject
Project("{FAE04EC0-301F-11D3-BF4B-00C04F79EFBC}") = "Domic.Persistence", "src\Infrastructure\Domic.Persistence\Domic.Persistence.csproj", "{09355DD4-56C5-4407-9391-8C3D7E2D56B3}"
EndProject
Project("{2150E333-8FDC-42A3-9474-1A3956D46DE8}") = "Presentation", "Presentation", "{B8C6A383-AEC6-4B94-BF19-3CB6757FAF8A}"
EndProject
Project("{FAE04EC0-301F-11D3-BF4B-00C04F79EFBC}") = "Domic.WebAPI", "src\Presentation\Domic.WebAPI\Domic.WebAPI.csproj", "{40917FA7-76D3-40EC-A78A-D1B684EB89B5}"
EndProject
Project("{2150E333-8FDC-42A3-9474-1A3956D46DE8}") = "test", "test", "{8745C63E-CA9E-4970-A875-95D0D0FE52B0}"
EndProject
Project("{2150E333-8FDC-42A3-9474-1A3956D46DE8}") = "E2ETests", "E2ETests", "{22134AE7-C903-4F35-BCFF-550FF33CC1E4}"
EndProject
Project("{2150E333-8FDC-42A3-9474-1A3956D46DE8}") = "IntegrationTests", "IntegrationTests", "{A17D9A02-B6AA-4438-B560-A58541483BF0}"
EndProject
Project("{FAE04EC0-301F-11D3-BF4B-00C04F79EFBC}") = "Infrastructure", "test\IntegrationTests\Infrastructure\Infrastructure.csproj", "{C49AC0F9-06D9-4EC0-AB47-2110D612CD39}"
EndProject
Project("{FAE04EC0-301F-11D3-BF4B-00C04F79EFBC}") = "Presentation", "test\IntegrationTests\Presentation\Presentation.csproj", "{4DF89D68-1444-4832-A3FE-83CBDBCCC010}"
EndProject
Project("{2150E333-8FDC-42A3-9474-1A3956D46DE8}") = "UnitTests", "UnitTests", "{342B2832-A1AC-4D87-81D0-E10266B067B2}"
EndProject
Project("{FAE04EC0-301F-11D3-BF4B-00C04F79EFBC}") = "Core", "test\UnitTests\Core\Core.csproj", "{D9DAEB3B-1E69-4946-BE66-7AF2B98AA949}"
EndProject
Project("{FAE04EC0-301F-11D3-BF4B-00C04F79EFBC}") = "Infrastructure", "test\UnitTests\Infrastructure\Infrastructure.csproj", "{1FCDDE81-B497-49BC-A201-D7F6996F4BBC}"
EndProject
Project("{FAE04EC0-301F-11D3-BF4B-00C04F79EFBC}") = "Presentation", "test\UnitTests\Presentation\Presentation.csproj", "{DDDF98D6-F376-49B5-8056-EDC54DA0AF77}"
EndProject
Project("{FAE04EC0-301F-11D3-BF4B-00C04F79EFBC}") = "Presentation", "test\E2ETests\Presentation\Presentation.csproj", "{25B08A5A-611C-4036-89A7-15B5DD600503}"
EndProject
Global
	GlobalSection(SolutionConfigurationPlatforms) = preSolution
		Debug|Any CPU = Debug|Any CPU
		Release|Any CPU = Release|Any CPU
	EndGlobalSection
	GlobalSection(SolutionProperties) = preSolution
		HideSolutionNode = FALSE
	EndGlobalSection
	GlobalSection(ProjectConfigurationPlatforms) = postSolution
		{E9E5A768-60C6-4C3F-BBEE-5F808960D5FC}.Debug|Any CPU.ActiveCfg = Debug|Any CPU
		{E9E5A768-60C6-4C3F-BBEE-5F808960D5FC}.Debug|Any CPU.Build.0 = Debug|Any CPU
		{E9E5A768-60C6-4C3F-BBEE-5F808960D5FC}.Release|Any CPU.ActiveCfg = Release|Any CPU
		{E9E5A768-60C6-4C3F-BBEE-5F808960D5FC}.Release|Any CPU.Build.0 = Release|Any CPU
		{A1E805A3-E4D6-48C7-8E22-DA90085D4FBF}.Debug|Any CPU.ActiveCfg = Debug|Any CPU
		{A1E805A3-E4D6-48C7-8E22-DA90085D4FBF}.Debug|Any CPU.Build.0 = Debug|Any CPU
		{A1E805A3-E4D6-48C7-8E22-DA90085D4FBF}.Release|Any CPU.ActiveCfg = Release|Any CPU
		{A1E805A3-E4D6-48C7-8E22-DA90085D4FBF}.Release|Any CPU.Build.0 = Release|Any CPU
		{DBCC540E-4C54-4E2F-A992-0432E82F4207}.Debug|Any CPU.ActiveCfg = Debug|Any CPU
		{DBCC540E-4C54-4E2F-A992-0432E82F4207}.Debug|Any CPU.Build.0 = Debug|Any CPU
		{DBCC540E-4C54-4E2F-A992-0432E82F4207}.Release|Any CPU.ActiveCfg = Release|Any CPU
		{DBCC540E-4C54-4E2F-A992-0432E82F4207}.Release|Any CPU.Build.0 = Release|Any CPU
		{70040ACB-FC63-4DE5-BBBB-D4B503447308}.Debug|Any CPU.ActiveCfg = Debug|Any CPU
		{70040ACB-FC63-4DE5-BBBB-D4B503447308}.Debug|Any CPU.Build.0 = Debug|Any CPU
		{70040ACB-FC63-4DE5-BBBB-D4B503447308}.Release|Any CPU.ActiveCfg = Release|Any CPU
		{70040ACB-FC63-4DE5-BBBB-D4B503447308}.Release|Any CPU.Build.0 = Release|Any CPU
		{09355DD4-56C5-4407-9391-8C3D7E2D56B3}.Debug|Any CPU.ActiveCfg = Debug|Any CPU
		{09355DD4-56C5-4407-9391-8C3D7E2D56B3}.Debug|Any CPU.Build.0 = Debug|Any CPU
		{09355DD4-56C5-4407-9391-8C3D7E2D56B3}.Release|Any CPU.ActiveCfg = Release|Any CPU
		{09355DD4-56C5-4407-9391-8C3D7E2D56B3}.Release|Any CPU.Build.0 = Release|Any CPU
		{40917FA7-76D3-40EC-A78A-D1B684EB89B5}.Debug|Any CPU.ActiveCfg = Debug|Any CPU
		{40917FA7-76D3-40EC-A78A-D1B684EB89B5}.Debug|Any CPU.Build.0 = Debug|Any CPU
		{40917FA7-76D3-40EC-A78A-D1B684EB89B5}.Release|Any CPU.ActiveCfg = Release|Any CPU
		{40917FA7-76D3-40EC-A78A-D1B684EB89B5}.Release|Any CPU.Build.0 = Release|Any CPU
		{C49AC0F9-06D9-4EC0-AB47-2110D612CD39}.Debug|Any CPU.ActiveCfg = Debug|Any CPU
		{C49AC0F9-06D9-4EC0-AB47-2110D612CD39}.Debug|Any CPU.Build.0 = Debug|Any CPU
		{C49AC0F9-06D9-4EC0-AB47-2110D612CD39}.Release|Any CPU.ActiveCfg = Release|Any CPU
		{C49AC0F9-06D9-4EC0-AB47-2110D612CD39}.Release|Any CPU.Build.0 = Release|Any CPU
		{4DF89D68-1444-4832-A3FE-83CBDBCCC010}.Debug|Any CPU.ActiveCfg = Debug|Any CPU
		{4DF89D68-1444-4832-A3FE-83CBDBCCC010}.Debug|Any CPU.Build.0 = Debug|Any CPU
		{4DF89D68-1444-4832-A3FE-83CBDBCCC010}.Release|Any CPU.ActiveCfg = Release|Any CPU
		{4DF89D68-1444-4832-A3FE-83CBDBCCC010}.Release|Any CPU.Build.0 = Release|Any CPU
		{D9DAEB3B-1E69-4946-BE66-7AF2B98AA949}.Debug|Any CPU.ActiveCfg = Debug|Any CPU
		{D9DAEB3B-1E69-4946-BE66-7AF2B98AA949}.Debug|Any CPU.Build.0 = Debug|Any CPU
		{D9DAEB3B-1E69-4946-BE66-7AF2B98AA949}.Release|Any CPU.ActiveCfg = Release|Any CPU
		{D9DAEB3B-1E69-4946-BE66-7AF2B98AA949}.Release|Any CPU.Build.0 = Release|Any CPU
		{1FCDDE81-B497-49BC-A201-D7F6996F4BBC}.Debug|Any CPU.ActiveCfg = Debug|Any CPU
		{1FCDDE81-B497-49BC-A201-D7F6996F4BBC}.Debug|Any CPU.Build.0 = Debug|Any CPU
		{1FCDDE81-B497-49BC-A201-D7F6996F4BBC}.Release|Any CPU.ActiveCfg = Release|Any CPU
		{1FCDDE81-B497-49BC-A201-D7F6996F4BBC}.Release|Any CPU.Build.0 = Release|Any CPU
		{DDDF98D6-F376-49B5-8056-EDC54DA0AF77}.Debug|Any CPU.ActiveCfg = Debug|Any CPU
		{DDDF98D6-F376-49B5-8056-EDC54DA0AF77}.Debug|Any CPU.Build.0 = Debug|Any CPU
		{DDDF98D6-F376-49B5-8056-EDC54DA0AF77}.Release|Any CPU.ActiveCfg = Release|Any CPU
		{DDDF98D6-F376-49B5-8056-EDC54DA0AF77}.Release|Any CPU.Build.0 = Release|Any CPU
		{25B08A5A-611C-4036-89A7-15B5DD600503}.Debug|Any CPU.ActiveCfg = Debug|Any CPU
		{25B08A5A-611C-4036-89A7-15B5DD600503}.Debug|Any CPU.Build.0 = Debug|Any CPU
		{25B08A5A-611C-4036-89A7-15B5DD600503}.Release|Any CPU.ActiveCfg = Release|Any CPU
		{25B08A5A-611C-4036-89A7-15B5DD600503}.Release|Any CPU.Build.0 = Release|Any CPU
	EndGlobalSection
	GlobalSection(NestedProjects) = preSolution
		{99520ACB-AB72-4283-84E1-6773BB0CA83C} = {0AACB518-F569-43D1-8F91-A5B21C041229}
		{E9E5A768-60C6-4C3F-BBEE-5F808960D5FC} = {99520ACB-AB72-4283-84E1-6773BB0CA83C}
		{A1E805A3-E4D6-48C7-8E22-DA90085D4FBF} = {99520ACB-AB72-4283-84E1-6773BB0CA83C}
		{DBCC540E-4C54-4E2F-A992-0432E82F4207} = {99520ACB-AB72-4283-84E1-6773BB0CA83C}
		{7165694B-BDE5-4709-872B-EB685F5EDCB8} = {0AACB518-F569-43D1-8F91-A5B21C041229}
		{70040ACB-FC63-4DE5-BBBB-D4B503447308} = {7165694B-BDE5-4709-872B-EB685F5EDCB8}
		{09355DD4-56C5-4407-9391-8C3D7E2D56B3} = {7165694B-BDE5-4709-872B-EB685F5EDCB8}
		{B8C6A383-AEC6-4B94-BF19-3CB6757FAF8A} = {0AACB518-F569-43D1-8F91-A5B21C041229}
		{40917FA7-76D3-40EC-A78A-D1B684EB89B5} = {B8C6A383-AEC6-4B94-BF19-3CB6757FAF8A}
		{22134AE7-C903-4F35-BCFF-550FF33CC1E4} = {8745C63E-CA9E-4970-A875-95D0D0FE52B0}
		{A17D9A02-B6AA-4438-B560-A58541483BF0} = {8745C63E-CA9E-4970-A875-95D0D0FE52B0}
		{C49AC0F9-06D9-4EC0-AB47-2110D612CD39} = {A17D9A02-B6AA-4438-B560-A58541483BF0}
		{4DF89D68-1444-4832-A3FE-83CBDBCCC010} = {A17D9A02-B6AA-4438-B560-A58541483BF0}
		{342B2832-A1AC-4D87-81D0-E10266B067B2} = {8745C63E-CA9E-4970-A875-95D0D0FE52B0}
		{D9DAEB3B-1E69-4946-BE66-7AF2B98AA949} = {342B2832-A1AC-4D87-81D0-E10266B067B2}
		{1FCDDE81-B497-49BC-A201-D7F6996F4BBC} = {342B2832-A1AC-4D87-81D0-E10266B067B2}
		{DDDF98D6-F376-49B5-8056-EDC54DA0AF77} = {342B2832-A1AC-4D87-81D0-E10266B067B2}
		{25B08A5A-611C-4036-89A7-15B5DD600503} = {22134AE7-C903-4F35-BCFF-550FF33CC1E4}
	EndGlobalSection
EndGlobal
